// !$*UTF8*$!
{
	archiveVersion = 1;
	classes = {
	};
	objectVersion = 56;
	objects = {

/* Begin PBXBuildFile section */
		959BC5322A1606C4005DFC44 /* AppDelegate.m in Sources */ = {isa = PBXBuildFile; fileRef = 959BC5312A1606C4005DFC44 /* AppDelegate.m */; };
		959BC5382A1606C4005DFC44 /* ViewController.m in Sources */ = {isa = PBXBuildFile; fileRef = 959BC5372A1606C4005DFC44 /* ViewController.m */; };
		959BC53D2A1606C6005DFC44 /* Assets.xcassets in Resources */ = {isa = PBXBuildFile; fileRef = 959BC53C2A1606C6005DFC44 /* Assets.xcassets */; };
		959BC5402A1606C6005DFC44 /* LaunchScreen.storyboard in Resources */ = {isa = PBXBuildFile; fileRef = 959BC53E2A1606C6005DFC44 /* LaunchScreen.storyboard */; };
		959BC5432A1606C6005DFC44 /* main.m in Sources */ = {isa = PBXBuildFile; fileRef = 959BC5422A1606C6005DFC44 /* main.m */; };
		959BC54B2A16089C005DFC44 /* NavigationController.m in Sources */ = {isa = PBXBuildFile; fileRef = 959BC54A2A16089C005DFC44 /* NavigationController.m */; };
		959BC58F2A160B64005DFC44 /* NSLayoutConstraint+MASDebugAdditions.m in Sources */ = {isa = PBXBuildFile; fileRef = 959BC5752A160B64005DFC44 /* NSLayoutConstraint+MASDebugAdditions.m */; };
		959BC5902A160B64005DFC44 /* ViewController+MASAdditions.m in Sources */ = {isa = PBXBuildFile; fileRef = 959BC57E2A160B64005DFC44 /* ViewController+MASAdditions.m */; };
		959BC5912A160B64005DFC44 /* MASCompositeConstraint.m in Sources */ = {isa = PBXBuildFile; fileRef = 959BC5822A160B64005DFC44 /* MASCompositeConstraint.m */; };
		959BC5922A160B64005DFC44 /* MASConstraintMaker.m in Sources */ = {isa = PBXBuildFile; fileRef = 959BC5832A160B64005DFC44 /* MASConstraintMaker.m */; };
		959BC5932A160B64005DFC44 /* MASLayoutConstraint.m in Sources */ = {isa = PBXBuildFile; fileRef = 959BC5842A160B64005DFC44 /* MASLayoutConstraint.m */; };
		959BC5942A160B64005DFC44 /* NSArray+MASAdditions.m in Sources */ = {isa = PBXBuildFile; fileRef = 959BC5852A160B64005DFC44 /* NSArray+MASAdditions.m */; };
		959BC5952A160B64005DFC44 /* View+MASAdditions.m in Sources */ = {isa = PBXBuildFile; fileRef = 959BC5862A160B64005DFC44 /* View+MASAdditions.m */; };
		959BC5962A160B64005DFC44 /* MASConstraint.m in Sources */ = {isa = PBXBuildFile; fileRef = 959BC5892A160B64005DFC44 /* MASConstraint.m */; };
		959BC5972A160B64005DFC44 /* MASViewConstraint.m in Sources */ = {isa = PBXBuildFile; fileRef = 959BC58B2A160B64005DFC44 /* MASViewConstraint.m */; };
		959BC5982A160B64005DFC44 /* MASViewAttribute.m in Sources */ = {isa = PBXBuildFile; fileRef = 959BC58C2A160B64005DFC44 /* MASViewAttribute.m */; };
		959BC59C2A1610A1005DFC44 /* ImagesTableViewController.m in Sources */ = {isa = PBXBuildFile; fileRef = 959BC59B2A1610A1005DFC44 /* ImagesTableViewController.m */; };
		959BC5A02A161166005DFC44 /* ImagesModel.m in Sources */ = {isa = PBXBuildFile; fileRef = 959BC59F2A161166005DFC44 /* ImagesModel.m */; };
		959BC5A32A1614EC005DFC44 /* ImagePickerTableViewCell.m in Sources */ = {isa = PBXBuildFile; fileRef = 959BC5A22A1614EC005DFC44 /* ImagePickerTableViewCell.m */; };
		959BC5A62A16223C005DFC44 /* ShowImagesViewController.m in Sources */ = {isa = PBXBuildFile; fileRef = 959BC5A52A16223C005DFC44 /* ShowImagesViewController.m */; };
		959BC5AA2A16254B005DFC44 /* ShowImagesCollectionViewCell.m in Sources */ = {isa = PBXBuildFile; fileRef = 959BC5A92A16254B005DFC44 /* ShowImagesCollectionViewCell.m */; };
		959BC5AD2A163968005DFC44 /* ShowImagesModel.m in Sources */ = {isa = PBXBuildFile; fileRef = 959BC5AC2A163968005DFC44 /* ShowImagesModel.m */; };
		959BC5B02A171882005DFC44 /* BottomView.m in Sources */ = {isa = PBXBuildFile; fileRef = 959BC5AF2A171882005DFC44 /* BottomView.m */; };
		959BC61E2A1C68D7005DFC44 /* ImageBrowseViewController.m in Sources */ = {isa = PBXBuildFile; fileRef = 959BC61B2A1C68D7005DFC44 /* ImageBrowseViewController.m */; };
		959BC61F2A1C68D7005DFC44 /* ImageBrowseCollectionViewCell.m in Sources */ = {isa = PBXBuildFile; fileRef = 959BC61C2A1C68D7005DFC44 /* ImageBrowseCollectionViewCell.m */; };
		959BC64A2A1CB132005DFC44 /* ImageDownloader.m in Sources */ = {isa = PBXBuildFile; fileRef = 959BC6492A1CB132005DFC44 /* ImageDownloader.m */; };
/* End PBXBuildFile section */

/* Begin PBXFileReference section */
		959BC52D2A1606C4005DFC44 /* DemoShowImages.app */ = {isa = PBXFileReference; explicitFileType = wrapper.application; includeInIndex = 0; path = DemoShowImages.app; sourceTree = BUILT_PRODUCTS_DIR; };
		959BC5302A1606C4005DFC44 /* AppDelegate.h */ = {isa = PBXFileReference; lastKnownFileType = sourcecode.c.h; path = AppDelegate.h; sourceTree = "<group>"; };
		959BC5312A1606C4005DFC44 /* AppDelegate.m */ = {isa = PBXFileReference; lastKnownFileType = sourcecode.c.objc; path = AppDelegate.m; sourceTree = "<group>"; };
		959BC5362A1606C4005DFC44 /* ViewController.h */ = {isa = PBXFileReference; lastKnownFileType = sourcecode.c.h; path = ViewController.h; sourceTree = "<group>"; };
		959BC5372A1606C4005DFC44 /* ViewController.m */ = {isa = PBXFileReference; lastKnownFileType = sourcecode.c.objc; path = ViewController.m; sourceTree = "<group>"; };
		959BC53C2A1606C6005DFC44 /* Assets.xcassets */ = {isa = PBXFileReference; lastKnownFileType = folder.assetcatalog; path = Assets.xcassets; sourceTree = "<group>"; };
		959BC53F2A1606C6005DFC44 /* Base */ = {isa = PBXFileReference; lastKnownFileType = file.storyboard; name = Base; path = Base.lproj/LaunchScreen.storyboard; sourceTree = "<group>"; };
		959BC5412A1606C6005DFC44 /* Info.plist */ = {isa = PBXFileReference; lastKnownFileType = text.plist.xml; path = Info.plist; sourceTree = "<group>"; };
		959BC5422A1606C6005DFC44 /* main.m */ = {isa = PBXFileReference; lastKnownFileType = sourcecode.c.objc; path = main.m; sourceTree = "<group>"; };
		959BC5492A16089C005DFC44 /* NavigationController.h */ = {isa = PBXFileReference; lastKnownFileType = sourcecode.c.h; path = NavigationController.h; sourceTree = "<group>"; };
		959BC54A2A16089C005DFC44 /* NavigationController.m */ = {isa = PBXFileReference; lastKnownFileType = sourcecode.c.objc; path = NavigationController.m; sourceTree = "<group>"; };
		959BC5742A160B64005DFC44 /* MASCompositeConstraint.h */ = {isa = PBXFileReference; fileEncoding = 4; lastKnownFileType = sourcecode.c.h; path = MASCompositeConstraint.h; sourceTree = "<group>"; };
		959BC5752A160B64005DFC44 /* NSLayoutConstraint+MASDebugAdditions.m */ = {isa = PBXFileReference; fileEncoding = 4; lastKnownFileType = sourcecode.c.objc; path = "NSLayoutConstraint+MASDebugAdditions.m"; sourceTree = "<group>"; };
		959BC5762A160B64005DFC44 /* MASConstraint+Private.h */ = {isa = PBXFileReference; fileEncoding = 4; lastKnownFileType = sourcecode.c.h; path = "MASConstraint+Private.h"; sourceTree = "<group>"; };
		959BC5772A160B64005DFC44 /* MASLayoutConstraint.h */ = {isa = PBXFileReference; fileEncoding = 4; lastKnownFileType = sourcecode.c.h; path = MASLayoutConstraint.h; sourceTree = "<group>"; };
		959BC5782A160B64005DFC44 /* NSArray+MASShorthandAdditions.h */ = {isa = PBXFileReference; fileEncoding = 4; lastKnownFileType = sourcecode.c.h; path = "NSArray+MASShorthandAdditions.h"; sourceTree = "<group>"; };
		959BC5792A160B64005DFC44 /* MASConstraintMaker.h */ = {isa = PBXFileReference; fileEncoding = 4; lastKnownFileType = sourcecode.c.h; path = MASConstraintMaker.h; sourceTree = "<group>"; };
		959BC57A2A160B64005DFC44 /* View+MASAdditions.h */ = {isa = PBXFileReference; fileEncoding = 4; lastKnownFileType = sourcecode.c.h; path = "View+MASAdditions.h"; sourceTree = "<group>"; };
		959BC57B2A160B64005DFC44 /* NSArray+MASAdditions.h */ = {isa = PBXFileReference; fileEncoding = 4; lastKnownFileType = sourcecode.c.h; path = "NSArray+MASAdditions.h"; sourceTree = "<group>"; };
		959BC57C2A160B64005DFC44 /* MASUtilities.h */ = {isa = PBXFileReference; fileEncoding = 4; lastKnownFileType = sourcecode.c.h; path = MASUtilities.h; sourceTree = "<group>"; };
		959BC57D2A160B64005DFC44 /* MASViewAttribute.h */ = {isa = PBXFileReference; fileEncoding = 4; lastKnownFileType = sourcecode.c.h; path = MASViewAttribute.h; sourceTree = "<group>"; };
		959BC57E2A160B64005DFC44 /* ViewController+MASAdditions.m */ = {isa = PBXFileReference; fileEncoding = 4; lastKnownFileType = sourcecode.c.objc; path = "ViewController+MASAdditions.m"; sourceTree = "<group>"; };
		959BC57F2A160B64005DFC44 /* MASViewConstraint.h */ = {isa = PBXFileReference; fileEncoding = 4; lastKnownFileType = sourcecode.c.h; path = MASViewConstraint.h; sourceTree = "<group>"; };
		959BC5802A160B64005DFC44 /* MASConstraint.h */ = {isa = PBXFileReference; fileEncoding = 4; lastKnownFileType = sourcecode.c.h; path = MASConstraint.h; sourceTree = "<group>"; };
		959BC5812A160B64005DFC44 /* NSLayoutConstraint+MASDebugAdditions.h */ = {isa = PBXFileReference; fileEncoding = 4; lastKnownFileType = sourcecode.c.h; path = "NSLayoutConstraint+MASDebugAdditions.h"; sourceTree = "<group>"; };
		959BC5822A160B64005DFC44 /* MASCompositeConstraint.m */ = {isa = PBXFileReference; fileEncoding = 4; lastKnownFileType = sourcecode.c.objc; path = MASCompositeConstraint.m; sourceTree = "<group>"; };
		959BC5832A160B64005DFC44 /* MASConstraintMaker.m */ = {isa = PBXFileReference; fileEncoding = 4; lastKnownFileType = sourcecode.c.objc; path = MASConstraintMaker.m; sourceTree = "<group>"; };
		959BC5842A160B64005DFC44 /* MASLayoutConstraint.m */ = {isa = PBXFileReference; fileEncoding = 4; lastKnownFileType = sourcecode.c.objc; path = MASLayoutConstraint.m; sourceTree = "<group>"; };
		959BC5852A160B64005DFC44 /* NSArray+MASAdditions.m */ = {isa = PBXFileReference; fileEncoding = 4; lastKnownFileType = sourcecode.c.objc; path = "NSArray+MASAdditions.m"; sourceTree = "<group>"; };
		959BC5862A160B64005DFC44 /* View+MASAdditions.m */ = {isa = PBXFileReference; fileEncoding = 4; lastKnownFileType = sourcecode.c.objc; path = "View+MASAdditions.m"; sourceTree = "<group>"; };
		959BC5872A160B64005DFC44 /* View+MASShorthandAdditions.h */ = {isa = PBXFileReference; fileEncoding = 4; lastKnownFileType = sourcecode.c.h; path = "View+MASShorthandAdditions.h"; sourceTree = "<group>"; };
		959BC5882A160B64005DFC44 /* Masonry.h */ = {isa = PBXFileReference; fileEncoding = 4; lastKnownFileType = sourcecode.c.h; path = Masonry.h; sourceTree = "<group>"; };
		959BC5892A160B64005DFC44 /* MASConstraint.m */ = {isa = PBXFileReference; fileEncoding = 4; lastKnownFileType = sourcecode.c.objc; path = MASConstraint.m; sourceTree = "<group>"; };
		959BC58A2A160B64005DFC44 /* ViewController+MASAdditions.h */ = {isa = PBXFileReference; fileEncoding = 4; lastKnownFileType = sourcecode.c.h; path = "ViewController+MASAdditions.h"; sourceTree = "<group>"; };
		959BC58B2A160B64005DFC44 /* MASViewConstraint.m */ = {isa = PBXFileReference; fileEncoding = 4; lastKnownFileType = sourcecode.c.objc; path = MASViewConstraint.m; sourceTree = "<group>"; };
		959BC58C2A160B64005DFC44 /* MASViewAttribute.m */ = {isa = PBXFileReference; fileEncoding = 4; lastKnownFileType = sourcecode.c.objc; path = MASViewAttribute.m; sourceTree = "<group>"; };
		959BC59A2A1610A1005DFC44 /* ImagesTableViewController.h */ = {isa = PBXFileReference; lastKnownFileType = sourcecode.c.h; path = ImagesTableViewController.h; sourceTree = "<group>"; };
		959BC59B2A1610A1005DFC44 /* ImagesTableViewController.m */ = {isa = PBXFileReference; lastKnownFileType = sourcecode.c.objc; path = ImagesTableViewController.m; sourceTree = "<group>"; };
		959BC59E2A161166005DFC44 /* ImagesModel.h */ = {isa = PBXFileReference; lastKnownFileType = sourcecode.c.h; path = ImagesModel.h; sourceTree = "<group>"; };
		959BC59F2A161166005DFC44 /* ImagesModel.m */ = {isa = PBXFileReference; lastKnownFileType = sourcecode.c.objc; path = ImagesModel.m; sourceTree = "<group>"; };
		959BC5A12A1614EC005DFC44 /* ImagePickerTableViewCell.h */ = {isa = PBXFileReference; lastKnownFileType = sourcecode.c.h; path = ImagePickerTableViewCell.h; sourceTree = "<group>"; };
		959BC5A22A1614EC005DFC44 /* ImagePickerTableViewCell.m */ = {isa = PBXFileReference; lastKnownFileType = sourcecode.c.objc; path = ImagePickerTableViewCell.m; sourceTree = "<group>"; };
		959BC5A42A16223C005DFC44 /* ShowImagesViewController.h */ = {isa = PBXFileReference; lastKnownFileType = sourcecode.c.h; path = ShowImagesViewController.h; sourceTree = "<group>"; };
		959BC5A52A16223C005DFC44 /* ShowImagesViewController.m */ = {isa = PBXFileReference; lastKnownFileType = sourcecode.c.objc; path = ShowImagesViewController.m; sourceTree = "<group>"; };
		959BC5A82A16254B005DFC44 /* ShowImagesCollectionViewCell.h */ = {isa = PBXFileReference; lastKnownFileType = sourcecode.c.h; path = ShowImagesCollectionViewCell.h; sourceTree = "<group>"; };
		959BC5A92A16254B005DFC44 /* ShowImagesCollectionViewCell.m */ = {isa = PBXFileReference; lastKnownFileType = sourcecode.c.objc; path = ShowImagesCollectionViewCell.m; sourceTree = "<group>"; };
		959BC5AB2A163968005DFC44 /* ShowImagesModel.h */ = {isa = PBXFileReference; lastKnownFileType = sourcecode.c.h; path = ShowImagesModel.h; sourceTree = "<group>"; };
		959BC5AC2A163968005DFC44 /* ShowImagesModel.m */ = {isa = PBXFileReference; lastKnownFileType = sourcecode.c.objc; path = ShowImagesModel.m; sourceTree = "<group>"; };
		959BC5AE2A171882005DFC44 /* BottomView.h */ = {isa = PBXFileReference; lastKnownFileType = sourcecode.c.h; path = BottomView.h; sourceTree = "<group>"; };
		959BC5AF2A171882005DFC44 /* BottomView.m */ = {isa = PBXFileReference; lastKnownFileType = sourcecode.c.objc; path = BottomView.m; sourceTree = "<group>"; };
		959BC61A2A1C68D7005DFC44 /* ImageBrowseCollectionViewCell.h */ = {isa = PBXFileReference; fileEncoding = 4; lastKnownFileType = sourcecode.c.h; path = ImageBrowseCollectionViewCell.h; sourceTree = "<group>"; };
		959BC61B2A1C68D7005DFC44 /* ImageBrowseViewController.m */ = {isa = PBXFileReference; fileEncoding = 4; lastKnownFileType = sourcecode.c.objc; path = ImageBrowseViewController.m; sourceTree = "<group>"; };
		959BC61C2A1C68D7005DFC44 /* ImageBrowseCollectionViewCell.m */ = {isa = PBXFileReference; fileEncoding = 4; lastKnownFileType = sourcecode.c.objc; path = ImageBrowseCollectionViewCell.m; sourceTree = "<group>"; };
		959BC61D2A1C68D7005DFC44 /* ImageBrowseViewController.h */ = {isa = PBXFileReference; fileEncoding = 4; lastKnownFileType = sourcecode.c.h; path = ImageBrowseViewController.h; sourceTree = "<group>"; };
		959BC6482A1CB132005DFC44 /* ImageDownloader.h */ = {isa = PBXFileReference; fileEncoding = 4; lastKnownFileType = sourcecode.c.h; path = ImageDownloader.h; sourceTree = "<group>"; };
		959BC6492A1CB132005DFC44 /* ImageDownloader.m */ = {isa = PBXFileReference; fileEncoding = 4; lastKnownFileType = sourcecode.c.objc; path = ImageDownloader.m; sourceTree = "<group>"; };
/* End PBXFileReference section */

/* Begin PBXFrameworksBuildPhase section */
		959BC52A2A1606C4005DFC44 /* Frameworks */ = {
			isa = PBXFrameworksBuildPhase;
			buildActionMask = 2147483647;
			files = (
			);
			runOnlyForDeploymentPostprocessing = 0;
		};
/* End PBXFrameworksBuildPhase section */

/* Begin PBXGroup section */
		959BC5242A1606C4005DFC44 = {
			isa = PBXGroup;
			children = (
				959BC52F2A1606C4005DFC44 /* DemoShowImages */,
				959BC52E2A1606C4005DFC44 /* Products */,
			);
			sourceTree = "<group>";
		};
		959BC52E2A1606C4005DFC44 /* Products */ = {
			isa = PBXGroup;
			children = (
				959BC52D2A1606C4005DFC44 /* DemoShowImages.app */,
			);
			name = Products;
			sourceTree = "<group>";
		};
		959BC52F2A1606C4005DFC44 /* DemoShowImages */ = {
			isa = PBXGroup;
			children = (
				959BC5732A160B64005DFC44 /* Masonry */,
				959BC5302A1606C4005DFC44 /* AppDelegate.h */,
				959BC5312A1606C4005DFC44 /* AppDelegate.m */,
				959BC5362A1606C4005DFC44 /* ViewController.h */,
				959BC5372A1606C4005DFC44 /* ViewController.m */,
				959BC5492A16089C005DFC44 /* NavigationController.h */,
				959BC54A2A16089C005DFC44 /* NavigationController.m */,
				959BC64B2A1CB13B005DFC44 /* ImageDownloader */,
				959BC6192A1C68D7005DFC44 /* ImageBrowse */,
				959BC5A72A162246005DFC44 /* ShowImages */,
				959BC59D2A161118005DFC44 /* ImagesPicker */,
				959BC53C2A1606C6005DFC44 /* Assets.xcassets */,
				959BC53E2A1606C6005DFC44 /* LaunchScreen.storyboard */,
				959BC5412A1606C6005DFC44 /* Info.plist */,
				959BC5422A1606C6005DFC44 /* main.m */,
			);
			path = DemoShowImages;
			sourceTree = "<group>";
		};
		959BC5732A160B64005DFC44 /* Masonry */ = {
			isa = PBXGroup;
			children = (
				959BC5742A160B64005DFC44 /* MASCompositeConstraint.h */,
				959BC5752A160B64005DFC44 /* NSLayoutConstraint+MASDebugAdditions.m */,
				959BC5762A160B64005DFC44 /* MASConstraint+Private.h */,
				959BC5772A160B64005DFC44 /* MASLayoutConstraint.h */,
				959BC5782A160B64005DFC44 /* NSArray+MASShorthandAdditions.h */,
				959BC5792A160B64005DFC44 /* MASConstraintMaker.h */,
				959BC57A2A160B64005DFC44 /* View+MASAdditions.h */,
				959BC57B2A160B64005DFC44 /* NSArray+MASAdditions.h */,
				959BC57C2A160B64005DFC44 /* MASUtilities.h */,
				959BC57D2A160B64005DFC44 /* MASViewAttribute.h */,
				959BC57E2A160B64005DFC44 /* ViewController+MASAdditions.m */,
				959BC57F2A160B64005DFC44 /* MASViewConstraint.h */,
				959BC5802A160B64005DFC44 /* MASConstraint.h */,
				959BC5812A160B64005DFC44 /* NSLayoutConstraint+MASDebugAdditions.h */,
				959BC5822A160B64005DFC44 /* MASCompositeConstraint.m */,
				959BC5832A160B64005DFC44 /* MASConstraintMaker.m */,
				959BC5842A160B64005DFC44 /* MASLayoutConstraint.m */,
				959BC5852A160B64005DFC44 /* NSArray+MASAdditions.m */,
				959BC5862A160B64005DFC44 /* View+MASAdditions.m */,
				959BC5872A160B64005DFC44 /* View+MASShorthandAdditions.h */,
				959BC5882A160B64005DFC44 /* Masonry.h */,
				959BC5892A160B64005DFC44 /* MASConstraint.m */,
				959BC58A2A160B64005DFC44 /* ViewController+MASAdditions.h */,
				959BC58B2A160B64005DFC44 /* MASViewConstraint.m */,
				959BC58C2A160B64005DFC44 /* MASViewAttribute.m */,
			);
			name = Masonry;
			path = Masonry/Masonry;
			sourceTree = "<group>";
		};
		959BC59D2A161118005DFC44 /* ImagesPicker */ = {
			isa = PBXGroup;
			children = (
				959BC59A2A1610A1005DFC44 /* ImagesTableViewController.h */,
				959BC59B2A1610A1005DFC44 /* ImagesTableViewController.m */,
				959BC59E2A161166005DFC44 /* ImagesModel.h */,
				959BC59F2A161166005DFC44 /* ImagesModel.m */,
				959BC5A12A1614EC005DFC44 /* ImagePickerTableViewCell.h */,
				959BC5A22A1614EC005DFC44 /* ImagePickerTableViewCell.m */,
			);
			path = ImagesPicker;
			sourceTree = "<group>";
		};
		959BC5A72A162246005DFC44 /* ShowImages */ = {
			isa = PBXGroup;
			children = (
				959BC5A42A16223C005DFC44 /* ShowImagesViewController.h */,
				959BC5A52A16223C005DFC44 /* ShowImagesViewController.m */,
				959BC5A82A16254B005DFC44 /* ShowImagesCollectionViewCell.h */,
				959BC5A92A16254B005DFC44 /* ShowImagesCollectionViewCell.m */,
				959BC5AB2A163968005DFC44 /* ShowImagesModel.h */,
				959BC5AC2A163968005DFC44 /* ShowImagesModel.m */,
				959BC5AE2A171882005DFC44 /* BottomView.h */,
				959BC5AF2A171882005DFC44 /* BottomView.m */,
			);
			path = ShowImages;
			sourceTree = "<group>";
		};
		959BC6192A1C68D7005DFC44 /* ImageBrowse */ = {
			isa = PBXGroup;
			children = (
				959BC61D2A1C68D7005DFC44 /* ImageBrowseViewController.h */,
				959BC61B2A1C68D7005DFC44 /* ImageBrowseViewController.m */,
				959BC61A2A1C68D7005DFC44 /* ImageBrowseCollectionViewCell.h */,
				959BC61C2A1C68D7005DFC44 /* ImageBrowseCollectionViewCell.m */,
			);
			path = ImageBrowse;
			sourceTree = "<group>";
		};
		959BC64B2A1CB13B005DFC44 /* ImageDownloader */ = {
			isa = PBXGroup;
			children = (
				959BC6482A1CB132005DFC44 /* ImageDownloader.h */,
				959BC6492A1CB132005DFC44 /* ImageDownloader.m */,
			);
			path = ImageDownloader;
			sourceTree = "<group>";
		};
/* End PBXGroup section */

/* Begin PBXNativeTarget section */
		959BC52C2A1606C4005DFC44 /* DemoShowImages */ = {
			isa = PBXNativeTarget;
			buildConfigurationList = 959BC5462A1606C6005DFC44 /* Build configuration list for PBXNativeTarget "DemoShowImages" */;
			buildPhases = (
				959BC5292A1606C4005DFC44 /* Sources */,
				959BC52A2A1606C4005DFC44 /* Frameworks */,
				959BC52B2A1606C4005DFC44 /* Resources */,
			);
			buildRules = (
			);
			dependencies = (
			);
			name = DemoShowImages;
			productName = DemoShowImages;
			productReference = 959BC52D2A1606C4005DFC44 /* DemoShowImages.app */;
			productType = "com.apple.product-type.application";
		};
/* End PBXNativeTarget section */

/* Begin PBXProject section */
		959BC5252A1606C4005DFC44 /* Project object */ = {
			isa = PBXProject;
			attributes = {
				BuildIndependentTargetsInParallel = 1;
				LastUpgradeCheck = 1430;
				TargetAttributes = {
					959BC52C2A1606C4005DFC44 = {
						CreatedOnToolsVersion = 14.3;
					};
				};
			};
			buildConfigurationList = 959BC5282A1606C4005DFC44 /* Build configuration list for PBXProject "DemoShowImages" */;
			compatibilityVersion = "Xcode 14.0";
			developmentRegion = en;
			hasScannedForEncodings = 0;
			knownRegions = (
				en,
				Base,
			);
			mainGroup = 959BC5242A1606C4005DFC44;
			productRefGroup = 959BC52E2A1606C4005DFC44 /* Products */;
			projectDirPath = "";
			projectRoot = "";
			targets = (
				959BC52C2A1606C4005DFC44 /* DemoShowImages */,
			);
		};
/* End PBXProject section */

/* Begin PBXResourcesBuildPhase section */
		959BC52B2A1606C4005DFC44 /* Resources */ = {
			isa = PBXResourcesBuildPhase;
			buildActionMask = 2147483647;
			files = (
				959BC5402A1606C6005DFC44 /* LaunchScreen.storyboard in Resources */,
				959BC53D2A1606C6005DFC44 /* Assets.xcassets in Resources */,
			);
			runOnlyForDeploymentPostprocessing = 0;
		};
/* End PBXResourcesBuildPhase section */

/* Begin PBXSourcesBuildPhase section */
		959BC5292A1606C4005DFC44 /* Sources */ = {
			isa = PBXSourcesBuildPhase;
			buildActionMask = 2147483647;
			files = (
				959BC5AD2A163968005DFC44 /* ShowImagesModel.m in Sources */,
				959BC5382A1606C4005DFC44 /* ViewController.m in Sources */,
				959BC5322A1606C4005DFC44 /* AppDelegate.m in Sources */,
				959BC5932A160B64005DFC44 /* MASLayoutConstraint.m in Sources */,
				959BC59C2A1610A1005DFC44 /* ImagesTableViewController.m in Sources */,
				959BC54B2A16089C005DFC44 /* NavigationController.m in Sources */,
				959BC64A2A1CB132005DFC44 /* ImageDownloader.m in Sources */,
				959BC5432A1606C6005DFC44 /* main.m in Sources */,
				959BC5982A160B64005DFC44 /* MASViewAttribute.m in Sources */,
				959BC5942A160B64005DFC44 /* NSArray+MASAdditions.m in Sources */,
				959BC5912A160B64005DFC44 /* MASCompositeConstraint.m in Sources */,
				959BC61E2A1C68D7005DFC44 /* ImageBrowseViewController.m in Sources */,
				959BC5922A160B64005DFC44 /* MASConstraintMaker.m in Sources */,
				959BC5B02A171882005DFC44 /* BottomView.m in Sources */,
				959BC5AA2A16254B005DFC44 /* ShowImagesCollectionViewCell.m in Sources */,
				959BC5952A160B64005DFC44 /* View+MASAdditions.m in Sources */,
				959BC5A62A16223C005DFC44 /* ShowImagesViewController.m in Sources */,
				959BC61F2A1C68D7005DFC44 /* ImageBrowseCollectionViewCell.m in Sources */,
				959BC5902A160B64005DFC44 /* ViewController+MASAdditions.m in Sources */,
				959BC5972A160B64005DFC44 /* MASViewConstraint.m in Sources */,
				959BC5A32A1614EC005DFC44 /* ImagePickerTableViewCell.m in Sources */,
				959BC58F2A160B64005DFC44 /* NSLayoutConstraint+MASDebugAdditions.m in Sources */,
				959BC5962A160B64005DFC44 /* MASConstraint.m in Sources */,
				959BC5A02A161166005DFC44 /* ImagesModel.m in Sources */,
			);
			runOnlyForDeploymentPostprocessing = 0;
		};
/* End PBXSourcesBuildPhase section */

/* Begin PBXVariantGroup section */
		959BC53E2A1606C6005DFC44 /* LaunchScreen.storyboard */ = {
			isa = PBXVariantGroup;
			children = (
				959BC53F2A1606C6005DFC44 /* Base */,
			);
			name = LaunchScreen.storyboard;
			sourceTree = "<group>";
		};
/* End PBXVariantGroup section */

/* Begin XCBuildConfiguration section */
		959BC5442A1606C6005DFC44 /* Debug */ = {
			isa = XCBuildConfiguration;
			buildSettings = {
				ALWAYS_SEARCH_USER_PATHS = NO;
				CLANG_ANALYZER_NONNULL = YES;
				CLANG_ANALYZER_NUMBER_OBJECT_CONVERSION = YES_AGGRESSIVE;
				CLANG_CXX_LANGUAGE_STANDARD = "gnu++20";
				CLANG_ENABLE_MODULES = YES;
				CLANG_ENABLE_OBJC_ARC = YES;
				CLANG_ENABLE_OBJC_WEAK = YES;
				CLANG_WARN_BLOCK_CAPTURE_AUTORELEASING = YES;
				CLANG_WARN_BOOL_CONVERSION = YES;
				CLANG_WARN_COMMA = YES;
				CLANG_WARN_CONSTANT_CONVERSION = YES;
				CLANG_WARN_DEPRECATED_OBJC_IMPLEMENTATIONS = YES;
				CLANG_WARN_DIRECT_OBJC_ISA_USAGE = YES_ERROR;
				CLANG_WARN_DOCUMENTATION_COMMENTS = YES;
				CLANG_WARN_EMPTY_BODY = YES;
				CLANG_WARN_ENUM_CONVERSION = YES;
				CLANG_WARN_INFINITE_RECURSION = YES;
				CLANG_WARN_INT_CONVERSION = YES;
				CLANG_WARN_NON_LITERAL_NULL_CONVERSION = YES;
				CLANG_WARN_OBJC_IMPLICIT_RETAIN_SELF = YES;
				CLANG_WARN_OBJC_LITERAL_CONVERSION = YES;
				CLANG_WARN_OBJC_ROOT_CLASS = YES_ERROR;
				CLANG_WARN_QUOTED_INCLUDE_IN_FRAMEWORK_HEADER = YES;
				CLANG_WARN_RANGE_LOOP_ANALYSIS = YES;
				CLANG_WARN_STRICT_PROTOTYPES = YES;
				CLANG_WARN_SUSPICIOUS_MOVE = YES;
				CLANG_WARN_UNGUARDED_AVAILABILITY = YES_AGGRESSIVE;
				CLANG_WARN_UNREACHABLE_CODE = YES;
				CLANG_WARN__DUPLICATE_METHOD_MATCH = YES;
				COPY_PHASE_STRIP = NO;
				DEBUG_INFORMATION_FORMAT = dwarf;
				ENABLE_STRICT_OBJC_MSGSEND = YES;
				ENABLE_TESTABILITY = YES;
				GCC_C_LANGUAGE_STANDARD = gnu11;
				GCC_DYNAMIC_NO_PIC = NO;
				GCC_NO_COMMON_BLOCKS = YES;
				GCC_OPTIMIZATION_LEVEL = 0;
				GCC_PREPROCESSOR_DEFINITIONS = (
					"DEBUG=1",
					"$(inherited)",
				);
				GCC_WARN_64_TO_32_BIT_CONVERSION = YES;
				GCC_WARN_ABOUT_RETURN_TYPE = YES_ERROR;
				GCC_WARN_UNDECLARED_SELECTOR = YES;
				GCC_WARN_UNINITIALIZED_AUTOS = YES_AGGRESSIVE;
				GCC_WARN_UNUSED_FUNCTION = YES;
				GCC_WARN_UNUSED_VARIABLE = YES;
				IPHONEOS_DEPLOYMENT_TARGET = 16.4;
				MTL_ENABLE_DEBUG_INFO = INCLUDE_SOURCE;
				MTL_FAST_MATH = YES;
				ONLY_ACTIVE_ARCH = YES;
				SDKROOT = iphoneos;
			};
			name = Debug;
		};
		959BC5452A1606C6005DFC44 /* Release */ = {
			isa = XCBuildConfiguration;
			buildSettings = {
				ALWAYS_SEARCH_USER_PATHS = NO;
				CLANG_ANALYZER_NONNULL = YES;
				CLANG_ANALYZER_NUMBER_OBJECT_CONVERSION = YES_AGGRESSIVE;
				CLANG_CXX_LANGUAGE_STANDARD = "gnu++20";
				CLANG_ENABLE_MODULES = YES;
				CLANG_ENABLE_OBJC_ARC = YES;
				CLANG_ENABLE_OBJC_WEAK = YES;
				CLANG_WARN_BLOCK_CAPTURE_AUTORELEASING = YES;
				CLANG_WARN_BOOL_CONVERSION = YES;
				CLANG_WARN_COMMA = YES;
				CLANG_WARN_CONSTANT_CONVERSION = YES;
				CLANG_WARN_DEPRECATED_OBJC_IMPLEMENTATIONS = YES;
				CLANG_WARN_DIRECT_OBJC_ISA_USAGE = YES_ERROR;
				CLANG_WARN_DOCUMENTATION_COMMENTS = YES;
				CLANG_WARN_EMPTY_BODY = YES;
				CLANG_WARN_ENUM_CONVERSION = YES;
				CLANG_WARN_INFINITE_RECURSION = YES;
				CLANG_WARN_INT_CONVERSION = YES;
				CLANG_WARN_NON_LITERAL_NULL_CONVERSION = YES;
				CLANG_WARN_OBJC_IMPLICIT_RETAIN_SELF = YES;
				CLANG_WARN_OBJC_LITERAL_CONVERSION = YES;
				CLANG_WARN_OBJC_ROOT_CLASS = YES_ERROR;
				CLANG_WARN_QUOTED_INCLUDE_IN_FRAMEWORK_HEADER = YES;
				CLANG_WARN_RANGE_LOOP_ANALYSIS = YES;
				CLANG_WARN_STRICT_PROTOTYPES = YES;
				CLANG_WARN_SUSPICIOUS_MOVE = YES;
				CLANG_WARN_UNGUARDED_AVAILABILITY = YES_AGGRESSIVE;
				CLANG_WARN_UNREACHABLE_CODE = YES;
				CLANG_WARN__DUPLICATE_METHOD_MATCH = YES;
				COPY_PHASE_STRIP = NO;
				DEBUG_INFORMATION_FORMAT = "dwarf-with-dsym";
				ENABLE_NS_ASSERTIONS = NO;
				ENABLE_STRICT_OBJC_MSGSEND = YES;
				GCC_C_LANGUAGE_STANDARD = gnu11;
				GCC_NO_COMMON_BLOCKS = YES;
				GCC_WARN_64_TO_32_BIT_CONVERSION = YES;
				GCC_WARN_ABOUT_RETURN_TYPE = YES_ERROR;
				GCC_WARN_UNDECLARED_SELECTOR = YES;
				GCC_WARN_UNINITIALIZED_AUTOS = YES_AGGRESSIVE;
				GCC_WARN_UNUSED_FUNCTION = YES;
				GCC_WARN_UNUSED_VARIABLE = YES;
				IPHONEOS_DEPLOYMENT_TARGET = 16.4;
				MTL_ENABLE_DEBUG_INFO = NO;
				MTL_FAST_MATH = YES;
				SDKROOT = iphoneos;
				VALIDATE_PRODUCT = YES;
			};
			name = Release;
		};
		959BC5472A1606C6005DFC44 /* Debug */ = {
			isa = XCBuildConfiguration;
			buildSettings = {
				ASSETCATALOG_COMPILER_APPICON_NAME = AppIcon;
				ASSETCATALOG_COMPILER_GLOBAL_ACCENT_COLOR_NAME = AccentColor;
				CODE_SIGN_STYLE = Automatic;
				CURRENT_PROJECT_VERSION = 1;
				GENERATE_INFOPLIST_FILE = YES;
				INFOPLIST_FILE = DemoShowImages/Info.plist;
				INFOPLIST_KEY_UIApplicationSupportsIndirectInputEvents = YES;
				INFOPLIST_KEY_UILaunchStoryboardName = LaunchScreen;
				INFOPLIST_KEY_UISupportedInterfaceOrientations_iPad = "UIInterfaceOrientationPortrait UIInterfaceOrientationPortraitUpsideDown UIInterfaceOrientationLandscapeLeft UIInterfaceOrientationLandscapeRight";
				INFOPLIST_KEY_UISupportedInterfaceOrientations_iPhone = "UIInterfaceOrientationPortrait UIInterfaceOrientationLandscapeLeft UIInterfaceOrientationLandscapeRight";
				LD_RUNPATH_SEARCH_PATHS = (
					"$(inherited)",
					"@executable_path/Frameworks",
				);
				MARKETING_VERSION = 1.0;
				PRODUCT_BUNDLE_IDENTIFIER = com.apricity.DemoShowImages;
				PRODUCT_NAME = "$(TARGET_NAME)";
				SWIFT_EMIT_LOC_STRINGS = YES;
				TARGETED_DEVICE_FAMILY = "1,2";
			};
			name = Debug;
		};
		959BC5482A1606C6005DFC44 /* Release */ = {
			isa = XCBuildConfiguration;
			buildSettings = {
				ASSETCATALOG_COMPILER_APPICON_NAME = AppIcon;
				ASSETCATALOG_COMPILER_GLOBAL_ACCENT_COLOR_NAME = AccentColor;
				CODE_SIGN_STYLE = Automatic;
				CURRENT_PROJECT_VERSION = 1;
				GENERATE_INFOPLIST_FILE = YES;
				INFOPLIST_FILE = DemoShowImages/Info.plist;
				INFOPLIST_KEY_UIApplicationSupportsIndirectInputEvents = YES;
				INFOPLIST_KEY_UILaunchStoryboardName = LaunchScreen;
				INFOPLIST_KEY_UISupportedInterfaceOrientations_iPad = "UIInterfaceOrientationPortrait UIInterfaceOrientationPortraitUpsideDown UIInterfaceOrientationLandscapeLeft UIInterfaceOrientationLandscapeRight";
				INFOPLIST_KEY_UISupportedInterfaceOrientations_iPhone = "UIInterfaceOrientationPortrait UIInterfaceOrientationLandscapeLeft UIInterfaceOrientationLandscapeRight";
				LD_RUNPATH_SEARCH_PATHS = (
					"$(inherited)",
					"@executable_path/Frameworks",
				);
				MARKETING_VERSION = 1.0;
				PRODUCT_BUNDLE_IDENTIFIER = com.apricity.DemoShowImages;
				PRODUCT_NAME = "$(TARGET_NAME)";
				SWIFT_EMIT_LOC_STRINGS = YES;
				TARGETED_DEVICE_FAMILY = "1,2";
			};
			name = Release;
		};
/* End XCBuildConfiguration section */

/* Begin XCConfigurationList section */
		959BC5282A1606C4005DFC44 /* Build configuration list for PBXProject "DemoShowImages" */ = {
			isa = XCConfigurationList;
			buildConfigurations = (
				959BC5442A1606C6005DFC44 /* Debug */,
				959BC5452A1606C6005DFC44 /* Release */,
			);
			defaultConfigurationIsVisible = 0;
			defaultConfigurationName = Release;
		};
		959BC5462A1606C6005DFC44 /* Build configuration list for PBXNativeTarget "DemoShowImages" */ = {
			isa = XCConfigurationList;
			buildConfigurations = (
				959BC5472A1606C6005DFC44 /* Debug */,
				959BC5482A1606C6005DFC44 /* Release */,
			);
			defaultConfigurationIsVisible = 0;
			defaultConfigurationName = Release;
		};
/* End XCConfigurationList section */
	};
	rootObject = 959BC5252A1606C4005DFC44 /* Project object */;
}
