// !$*UTF8*$!
{
	archiveVersion = 1;
	classes = {
	};
	objectVersion = 56;
	objects = {

/* Begin PBXBuildFile section */
		951B82BC2A2744FB0068BBFA /* AppDelegate.m in Sources */ = {isa = PBXBuildFile; fileRef = 951B82BB2A2744FB0068BBFA /* AppDelegate.m */; };
		951B82BF2A2744FB0068BBFA /* SceneDelegate.m in Sources */ = {isa = PBXBuildFile; fileRef = 951B82BE2A2744FB0068BBFA /* SceneDelegate.m */; };
		951B82C22A2744FB0068BBFA /* ViewController.m in Sources */ = {isa = PBXBuildFile; fileRef = 951B82C12A2744FB0068BBFA /* ViewController.m */; };
		951B82C52A2744FB0068BBFA /* Main.storyboard in Resources */ = {isa = PBXBuildFile; fileRef = 951B82C32A2744FB0068BBFA /* Main.storyboard */; };
		951B82C72A2744FE0068BBFA /* Assets.xcassets in Resources */ = {isa = PBXBuildFile; fileRef = 951B82C62A2744FE0068BBFA /* Assets.xcassets */; };
		951B82CA2A2744FE0068BBFA /* LaunchScreen.storyboard in Resources */ = {isa = PBXBuildFile; fileRef = 951B82C82A2744FE0068BBFA /* LaunchScreen.storyboard */; };
		951B82CD2A2744FE0068BBFA /* main.m in Sources */ = {isa = PBXBuildFile; fileRef = 951B82CC2A2744FE0068BBFA /* main.m */; };
		951B82D52A27451C0068BBFA /* DMShaders.metal in Sources */ = {isa = PBXBuildFile; fileRef = 951B82D32A27451B0068BBFA /* DMShaders.metal */; };
/* End PBXBuildFile section */

/* Begin PBXFileReference section */
		951B82B72A2744FB0068BBFA /* 贝塞尔曲线.app */ = {isa = PBXFileReference; explicitFileType = wrapper.application; includeInIndex = 0; path = "贝塞尔曲线.app"; sourceTree = BUILT_PRODUCTS_DIR; };
		951B82BA2A2744FB0068BBFA /* AppDelegate.h */ = {isa = PBXFileReference; lastKnownFileType = sourcecode.c.h; path = AppDelegate.h; sourceTree = "<group>"; };
		951B82BB2A2744FB0068BBFA /* AppDelegate.m */ = {isa = PBXFileReference; lastKnownFileType = sourcecode.c.objc; path = AppDelegate.m; sourceTree = "<group>"; };
		951B82BD2A2744FB0068BBFA /* SceneDelegate.h */ = {isa = PBXFileReference; lastKnownFileType = sourcecode.c.h; path = SceneDelegate.h; sourceTree = "<group>"; };
		951B82BE2A2744FB0068BBFA /* SceneDelegate.m */ = {isa = PBXFileReference; lastKnownFileType = sourcecode.c.objc; path = SceneDelegate.m; sourceTree = "<group>"; };
		951B82C02A2744FB0068BBFA /* ViewController.h */ = {isa = PBXFileReference; lastKnownFileType = sourcecode.c.h; path = ViewController.h; sourceTree = "<group>"; };
		951B82C12A2744FB0068BBFA /* ViewController.m */ = {isa = PBXFileReference; lastKnownFileType = sourcecode.c.objc; path = ViewController.m; sourceTree = "<group>"; };
		951B82C42A2744FB0068BBFA /* Base */ = {isa = PBXFileReference; lastKnownFileType = file.storyboard; name = Base; path = Base.lproj/Main.storyboard; sourceTree = "<group>"; };
		951B82C62A2744FE0068BBFA /* Assets.xcassets */ = {isa = PBXFileReference; lastKnownFileType = folder.assetcatalog; path = Assets.xcassets; sourceTree = "<group>"; };
		951B82C92A2744FE0068BBFA /* Base */ = {isa = PBXFileReference; lastKnownFileType = file.storyboard; name = Base; path = Base.lproj/LaunchScreen.storyboard; sourceTree = "<group>"; };
		951B82CB2A2744FE0068BBFA /* Info.plist */ = {isa = PBXFileReference; lastKnownFileType = text.plist.xml; path = Info.plist; sourceTree = "<group>"; };
		951B82CC2A2744FE0068BBFA /* main.m */ = {isa = PBXFileReference; lastKnownFileType = sourcecode.c.objc; path = main.m; sourceTree = "<group>"; };
		951B82D32A27451B0068BBFA /* DMShaders.metal */ = {isa = PBXFileReference; fileEncoding = 4; lastKnownFileType = sourcecode.metal; path = DMShaders.metal; sourceTree = "<group>"; };
		951B82D42A27451C0068BBFA /* DMShaderTypes.h */ = {isa = PBXFileReference; fileEncoding = 4; lastKnownFileType = sourcecode.c.h; path = DMShaderTypes.h; sourceTree = "<group>"; };
		951B82EB2A289D6A0068BBFA /* tesselator.h */ = {isa = PBXFileReference; fileEncoding = 4; lastKnownFileType = sourcecode.c.h; path = tesselator.h; sourceTree = "<group>"; };
/* End PBXFileReference section */

/* Begin PBXFrameworksBuildPhase section */
		951B82B42A2744FB0068BBFA /* Frameworks */ = {
			isa = PBXFrameworksBuildPhase;
			buildActionMask = 2147483647;
			files = (
			);
			runOnlyForDeploymentPostprocessing = 0;
		};
/* End PBXFrameworksBuildPhase section */

/* Begin PBXGroup section */
		951B82AE2A2744FB0068BBFA = {
			isa = PBXGroup;
			children = (
				951B82B92A2744FB0068BBFA /* 贝塞尔曲线 */,
				951B82B82A2744FB0068BBFA /* Products */,
			);
			sourceTree = "<group>";
		};
		951B82B82A2744FB0068BBFA /* Products */ = {
			isa = PBXGroup;
			children = (
				951B82B72A2744FB0068BBFA /* 贝塞尔曲线.app */,
			);
			name = Products;
			sourceTree = "<group>";
		};
		951B82B92A2744FB0068BBFA /* 贝塞尔曲线 */ = {
			isa = PBXGroup;
			children = (
				951B82BA2A2744FB0068BBFA /* AppDelegate.h */,
				951B82BB2A2744FB0068BBFA /* AppDelegate.m */,
				951B82BD2A2744FB0068BBFA /* SceneDelegate.h */,
				951B82BE2A2744FB0068BBFA /* SceneDelegate.m */,
				951B82C02A2744FB0068BBFA /* ViewController.h */,
				951B82C12A2744FB0068BBFA /* ViewController.m */,
				951B82D32A27451B0068BBFA /* DMShaders.metal */,
				951B82D42A27451C0068BBFA /* DMShaderTypes.h */,
				951B82EB2A289D6A0068BBFA /* tesselator.h */,
				951B82C32A2744FB0068BBFA /* Main.storyboard */,
				951B82C62A2744FE0068BBFA /* Assets.xcassets */,
				951B82C82A2744FE0068BBFA /* LaunchScreen.storyboard */,
				951B82CB2A2744FE0068BBFA /* Info.plist */,
				951B82CC2A2744FE0068BBFA /* main.m */,
			);
			path = "贝塞尔曲线";
			sourceTree = "<group>";
		};
/* End PBXGroup section */

/* Begin PBXNativeTarget section */
		951B82B62A2744FB0068BBFA /* 贝塞尔曲线 */ = {
			isa = PBXNativeTarget;
			buildConfigurationList = 951B82D02A2744FE0068BBFA /* Build configuration list for PBXNativeTarget "贝塞尔曲线" */;
			buildPhases = (
				951B82B32A2744FB0068BBFA /* Sources */,
				951B82B42A2744FB0068BBFA /* Frameworks */,
				951B82B52A2744FB0068BBFA /* Resources */,
			);
			buildRules = (
			);
			dependencies = (
			);
			name = "贝塞尔曲线";
			productName = "贝塞尔曲线";
			productReference = 951B82B72A2744FB0068BBFA /* 贝塞尔曲线.app */;
			productType = "com.apple.product-type.application";
		};
/* End PBXNativeTarget section */

/* Begin PBXProject section */
		951B82AF2A2744FB0068BBFA /* Project object */ = {
			isa = PBXProject;
			attributes = {
				BuildIndependentTargetsInParallel = 1;
				LastUpgradeCheck = 1430;
				TargetAttributes = {
					951B82B62A2744FB0068BBFA = {
						CreatedOnToolsVersion = 14.3;
					};
				};
			};
			buildConfigurationList = 951B82B22A2744FB0068BBFA /* Build configuration list for PBXProject "贝塞尔曲线" */;
			compatibilityVersion = "Xcode 14.0";
			developmentRegion = en;
			hasScannedForEncodings = 0;
			knownRegions = (
				en,
				Base,
			);
			mainGroup = 951B82AE2A2744FB0068BBFA;
			productRefGroup = 951B82B82A2744FB0068BBFA /* Products */;
			projectDirPath = "";
			projectRoot = "";
			targets = (
				951B82B62A2744FB0068BBFA /* 贝塞尔曲线 */,
			);
		};
/* End PBXProject section */

/* Begin PBXResourcesBuildPhase section */
		951B82B52A2744FB0068BBFA /* Resources */ = {
			isa = PBXResourcesBuildPhase;
			buildActionMask = 2147483647;
			files = (
				951B82CA2A2744FE0068BBFA /* LaunchScreen.storyboard in Resources */,
				951B82C72A2744FE0068BBFA /* Assets.xcassets in Resources */,
				951B82C52A2744FB0068BBFA /* Main.storyboard in Resources */,
			);
			runOnlyForDeploymentPostprocessing = 0;
		};
/* End PBXResourcesBuildPhase section */

/* Begin PBXSourcesBuildPhase section */
		951B82B32A2744FB0068BBFA /* Sources */ = {
			isa = PBXSourcesBuildPhase;
			buildActionMask = 2147483647;
			files = (
				951B82D52A27451C0068BBFA /* DMShaders.metal in Sources */,
				951B82C22A2744FB0068BBFA /* ViewController.m in Sources */,
				951B82BC2A2744FB0068BBFA /* AppDelegate.m in Sources */,
				951B82CD2A2744FE0068BBFA /* main.m in Sources */,
				951B82BF2A2744FB0068BBFA /* SceneDelegate.m in Sources */,
			);
			runOnlyForDeploymentPostprocessing = 0;
		};
/* End PBXSourcesBuildPhase section */

/* Begin PBXVariantGroup section */
		951B82C32A2744FB0068BBFA /* Main.storyboard */ = {
			isa = PBXVariantGroup;
			children = (
				951B82C42A2744FB0068BBFA /* Base */,
			);
			name = Main.storyboard;
			sourceTree = "<group>";
		};
		951B82C82A2744FE0068BBFA /* LaunchScreen.storyboard */ = {
			isa = PBXVariantGroup;
			children = (
				951B82C92A2744FE0068BBFA /* Base */,
			);
			name = LaunchScreen.storyboard;
			sourceTree = "<group>";
		};
/* End PBXVariantGroup section */

/* Begin XCBuildConfiguration section */
		951B82CE2A2744FE0068BBFA /* Debug */ = {
			isa = XCBuildConfiguration;
			buildSettings = {
				ALWAYS_SEARCH_USER_PATHS = NO;
				CLANG_ANALYZER_NONNULL = YES;
				CLANG_ANALYZER_NUMBER_OBJECT_CONVERSION = YES_AGGRESSIVE;
				CLANG_CXX_LANGUAGE_STANDARD = "gnu++20";
				CLANG_ENABLE_MODULES = YES;
				CLANG_ENABLE_OBJC_ARC = YES;
				CLANG_ENABLE_OBJC_WEAK = YES;
				CLANG_WARN_BLOCK_CAPTURE_AUTORELEASING = YES;
				CLANG_WARN_BOOL_CONVERSION = YES;
				CLANG_WARN_COMMA = YES;
				CLANG_WARN_CONSTANT_CONVERSION = YES;
				CLANG_WARN_DEPRECATED_OBJC_IMPLEMENTATIONS = YES;
				CLANG_WARN_DIRECT_OBJC_ISA_USAGE = YES_ERROR;
				CLANG_WARN_DOCUMENTATION_COMMENTS = YES;
				CLANG_WARN_EMPTY_BODY = YES;
				CLANG_WARN_ENUM_CONVERSION = YES;
				CLANG_WARN_INFINITE_RECURSION = YES;
				CLANG_WARN_INT_CONVERSION = YES;
				CLANG_WARN_NON_LITERAL_NULL_CONVERSION = YES;
				CLANG_WARN_OBJC_IMPLICIT_RETAIN_SELF = YES;
				CLANG_WARN_OBJC_LITERAL_CONVERSION = YES;
				CLANG_WARN_OBJC_ROOT_CLASS = YES_ERROR;
				CLANG_WARN_QUOTED_INCLUDE_IN_FRAMEWORK_HEADER = YES;
				CLANG_WARN_RANGE_LOOP_ANALYSIS = YES;
				CLANG_WARN_STRICT_PROTOTYPES = YES;
				CLANG_WARN_SUSPICIOUS_MOVE = YES;
				CLANG_WARN_UNGUARDED_AVAILABILITY = YES_AGGRESSIVE;
				CLANG_WARN_UNREACHABLE_CODE = YES;
				CLANG_WARN__DUPLICATE_METHOD_MATCH = YES;
				COPY_PHASE_STRIP = NO;
				DEBUG_INFORMATION_FORMAT = dwarf;
				ENABLE_STRICT_OBJC_MSGSEND = YES;
				ENABLE_TESTABILITY = YES;
				GCC_C_LANGUAGE_STANDARD = gnu11;
				GCC_DYNAMIC_NO_PIC = NO;
				GCC_NO_COMMON_BLOCKS = YES;
				GCC_OPTIMIZATION_LEVEL = 0;
				GCC_PREPROCESSOR_DEFINITIONS = (
					"DEBUG=1",
					"$(inherited)",
				);
				GCC_WARN_64_TO_32_BIT_CONVERSION = YES;
				GCC_WARN_ABOUT_RETURN_TYPE = YES_ERROR;
				GCC_WARN_UNDECLARED_SELECTOR = YES;
				GCC_WARN_UNINITIALIZED_AUTOS = YES_AGGRESSIVE;
				GCC_WARN_UNUSED_FUNCTION = YES;
				GCC_WARN_UNUSED_VARIABLE = YES;
				IPHONEOS_DEPLOYMENT_TARGET = 16.4;
				MTL_ENABLE_DEBUG_INFO = INCLUDE_SOURCE;
				MTL_FAST_MATH = YES;
				ONLY_ACTIVE_ARCH = YES;
				SDKROOT = iphoneos;
			};
			name = Debug;
		};
		951B82CF2A2744FE0068BBFA /* Release */ = {
			isa = XCBuildConfiguration;
			buildSettings = {
				ALWAYS_SEARCH_USER_PATHS = NO;
				CLANG_ANALYZER_NONNULL = YES;
				CLANG_ANALYZER_NUMBER_OBJECT_CONVERSION = YES_AGGRESSIVE;
				CLANG_CXX_LANGUAGE_STANDARD = "gnu++20";
				CLANG_ENABLE_MODULES = YES;
				CLANG_ENABLE_OBJC_ARC = YES;
				CLANG_ENABLE_OBJC_WEAK = YES;
				CLANG_WARN_BLOCK_CAPTURE_AUTORELEASING = YES;
				CLANG_WARN_BOOL_CONVERSION = YES;
				CLANG_WARN_COMMA = YES;
				CLANG_WARN_CONSTANT_CONVERSION = YES;
				CLANG_WARN_DEPRECATED_OBJC_IMPLEMENTATIONS = YES;
				CLANG_WARN_DIRECT_OBJC_ISA_USAGE = YES_ERROR;
				CLANG_WARN_DOCUMENTATION_COMMENTS = YES;
				CLANG_WARN_EMPTY_BODY = YES;
				CLANG_WARN_ENUM_CONVERSION = YES;
				CLANG_WARN_INFINITE_RECURSION = YES;
				CLANG_WARN_INT_CONVERSION = YES;
				CLANG_WARN_NON_LITERAL_NULL_CONVERSION = YES;
				CLANG_WARN_OBJC_IMPLICIT_RETAIN_SELF = YES;
				CLANG_WARN_OBJC_LITERAL_CONVERSION = YES;
				CLANG_WARN_OBJC_ROOT_CLASS = YES_ERROR;
				CLANG_WARN_QUOTED_INCLUDE_IN_FRAMEWORK_HEADER = YES;
				CLANG_WARN_RANGE_LOOP_ANALYSIS = YES;
				CLANG_WARN_STRICT_PROTOTYPES = YES;
				CLANG_WARN_SUSPICIOUS_MOVE = YES;
				CLANG_WARN_UNGUARDED_AVAILABILITY = YES_AGGRESSIVE;
				CLANG_WARN_UNREACHABLE_CODE = YES;
				CLANG_WARN__DUPLICATE_METHOD_MATCH = YES;
				COPY_PHASE_STRIP = NO;
				DEBUG_INFORMATION_FORMAT = "dwarf-with-dsym";
				ENABLE_NS_ASSERTIONS = NO;
				ENABLE_STRICT_OBJC_MSGSEND = YES;
				GCC_C_LANGUAGE_STANDARD = gnu11;
				GCC_NO_COMMON_BLOCKS = YES;
				GCC_WARN_64_TO_32_BIT_CONVERSION = YES;
				GCC_WARN_ABOUT_RETURN_TYPE = YES_ERROR;
				GCC_WARN_UNDECLARED_SELECTOR = YES;
				GCC_WARN_UNINITIALIZED_AUTOS = YES_AGGRESSIVE;
				GCC_WARN_UNUSED_FUNCTION = YES;
				GCC_WARN_UNUSED_VARIABLE = YES;
				IPHONEOS_DEPLOYMENT_TARGET = 16.4;
				MTL_ENABLE_DEBUG_INFO = NO;
				MTL_FAST_MATH = YES;
				SDKROOT = iphoneos;
				VALIDATE_PRODUCT = YES;
			};
			name = Release;
		};
		951B82D12A2744FE0068BBFA /* Debug */ = {
			isa = XCBuildConfiguration;
			buildSettings = {
				ASSETCATALOG_COMPILER_APPICON_NAME = AppIcon;
				ASSETCATALOG_COMPILER_GLOBAL_ACCENT_COLOR_NAME = AccentColor;
				CODE_SIGN_STYLE = Automatic;
				CURRENT_PROJECT_VERSION = 1;
				GENERATE_INFOPLIST_FILE = YES;
				INFOPLIST_FILE = "贝塞尔曲线/Info.plist";
				INFOPLIST_KEY_UIApplicationSupportsIndirectInputEvents = YES;
				INFOPLIST_KEY_UILaunchStoryboardName = LaunchScreen;
				INFOPLIST_KEY_UIMainStoryboardFile = Main;
				INFOPLIST_KEY_UISupportedInterfaceOrientations_iPad = "UIInterfaceOrientationPortrait UIInterfaceOrientationPortraitUpsideDown UIInterfaceOrientationLandscapeLeft UIInterfaceOrientationLandscapeRight";
				INFOPLIST_KEY_UISupportedInterfaceOrientations_iPhone = "UIInterfaceOrientationPortrait UIInterfaceOrientationLandscapeLeft UIInterfaceOrientationLandscapeRight";
				LD_RUNPATH_SEARCH_PATHS = (
					"$(inherited)",
					"@executable_path/Frameworks",
				);
				MARKETING_VERSION = 1.0;
				PRODUCT_BUNDLE_IDENTIFIER = "com.apricityjin.-----";
				PRODUCT_NAME = "$(TARGET_NAME)";
				SWIFT_EMIT_LOC_STRINGS = YES;
				TARGETED_DEVICE_FAMILY = "1,2";
			};
			name = Debug;
		};
		951B82D22A2744FE0068BBFA /* Release */ = {
			isa = XCBuildConfiguration;
			buildSettings = {
				ASSETCATALOG_COMPILER_APPICON_NAME = AppIcon;
				ASSETCATALOG_COMPILER_GLOBAL_ACCENT_COLOR_NAME = AccentColor;
				CODE_SIGN_STYLE = Automatic;
				CURRENT_PROJECT_VERSION = 1;
				GENERATE_INFOPLIST_FILE = YES;
				INFOPLIST_FILE = "贝塞尔曲线/Info.plist";
				INFOPLIST_KEY_UIApplicationSupportsIndirectInputEvents = YES;
				INFOPLIST_KEY_UILaunchStoryboardName = LaunchScreen;
				INFOPLIST_KEY_UIMainStoryboardFile = Main;
				INFOPLIST_KEY_UISupportedInterfaceOrientations_iPad = "UIInterfaceOrientationPortrait UIInterfaceOrientationPortraitUpsideDown UIInterfaceOrientationLandscapeLeft UIInterfaceOrientationLandscapeRight";
				INFOPLIST_KEY_UISupportedInterfaceOrientations_iPhone = "UIInterfaceOrientationPortrait UIInterfaceOrientationLandscapeLeft UIInterfaceOrientationLandscapeRight";
				LD_RUNPATH_SEARCH_PATHS = (
					"$(inherited)",
					"@executable_path/Frameworks",
				);
				MARKETING_VERSION = 1.0;
				PRODUCT_BUNDLE_IDENTIFIER = "com.apricityjin.-----";
				PRODUCT_NAME = "$(TARGET_NAME)";
				SWIFT_EMIT_LOC_STRINGS = YES;
				TARGETED_DEVICE_FAMILY = "1,2";
			};
			name = Release;
		};
/* End XCBuildConfiguration section */

/* Begin XCConfigurationList section */
		951B82B22A2744FB0068BBFA /* Build configuration list for PBXProject "贝塞尔曲线" */ = {
			isa = XCConfigurationList;
			buildConfigurations = (
				951B82CE2A2744FE0068BBFA /* Debug */,
				951B82CF2A2744FE0068BBFA /* Release */,
			);
			defaultConfigurationIsVisible = 0;
			defaultConfigurationName = Release;
		};
		951B82D02A2744FE0068BBFA /* Build configuration list for PBXNativeTarget "贝塞尔曲线" */ = {
			isa = XCConfigurationList;
			buildConfigurations = (
				951B82D12A2744FE0068BBFA /* Debug */,
				951B82D22A2744FE0068BBFA /* Release */,
			);
			defaultConfigurationIsVisible = 0;
			defaultConfigurationName = Release;
		};
/* End XCConfigurationList section */
	};
	rootObject = 951B82AF2A2744FB0068BBFA /* Project object */;
}
