// !$*UTF8*$!
{
	archiveVersion = 1;
	classes = {
	};
	objectVersion = 56;
	objects = {

/* Begin PBXBuildFile section */
		953400AC2A2DF99C00FC73B0 /* AppDelegate.m in Sources */ = {isa = PBXBuildFile; fileRef = 953400AB2A2DF99C00FC73B0 /* AppDelegate.m */; };
		953400AF2A2DF99C00FC73B0 /* SceneDelegate.m in Sources */ = {isa = PBXBuildFile; fileRef = 953400AE2A2DF99C00FC73B0 /* SceneDelegate.m */; };
		953400B52A2DF99C00FC73B0 /* Main.storyboard in Resources */ = {isa = PBXBuildFile; fileRef = 953400B32A2DF99C00FC73B0 /* Main.storyboard */; };
		953400B72A2DF99E00FC73B0 /* Assets.xcassets in Resources */ = {isa = PBXBuildFile; fileRef = 953400B62A2DF99E00FC73B0 /* Assets.xcassets */; };
		953400BA2A2DF99E00FC73B0 /* LaunchScreen.storyboard in Resources */ = {isa = PBXBuildFile; fileRef = 953400B82A2DF99E00FC73B0 /* LaunchScreen.storyboard */; };
		953400BD2A2DF99E00FC73B0 /* main.m in Sources */ = {isa = PBXBuildFile; fileRef = 953400BC2A2DF99E00FC73B0 /* main.m */; };
		953400C72A2DF9EB00FC73B0 /* ViewController.m in Sources */ = {isa = PBXBuildFile; fileRef = 953400C32A2DF9EB00FC73B0 /* ViewController.m */; };
		953400C82A2DF9EB00FC73B0 /* DMShaders.metal in Sources */ = {isa = PBXBuildFile; fileRef = 953400C42A2DF9EB00FC73B0 /* DMShaders.metal */; };
/* End PBXBuildFile section */

/* Begin PBXFileReference section */
		953400A72A2DF99C00FC73B0 /* 拐点平滑处理.app */ = {isa = PBXFileReference; explicitFileType = wrapper.application; includeInIndex = 0; path = "拐点平滑处理.app"; sourceTree = BUILT_PRODUCTS_DIR; };
		953400AA2A2DF99C00FC73B0 /* AppDelegate.h */ = {isa = PBXFileReference; lastKnownFileType = sourcecode.c.h; path = AppDelegate.h; sourceTree = "<group>"; };
		953400AB2A2DF99C00FC73B0 /* AppDelegate.m */ = {isa = PBXFileReference; lastKnownFileType = sourcecode.c.objc; path = AppDelegate.m; sourceTree = "<group>"; };
		953400AD2A2DF99C00FC73B0 /* SceneDelegate.h */ = {isa = PBXFileReference; lastKnownFileType = sourcecode.c.h; path = SceneDelegate.h; sourceTree = "<group>"; };
		953400AE2A2DF99C00FC73B0 /* SceneDelegate.m */ = {isa = PBXFileReference; lastKnownFileType = sourcecode.c.objc; path = SceneDelegate.m; sourceTree = "<group>"; };
		953400B42A2DF99C00FC73B0 /* Base */ = {isa = PBXFileReference; lastKnownFileType = file.storyboard; name = Base; path = Base.lproj/Main.storyboard; sourceTree = "<group>"; };
		953400B62A2DF99E00FC73B0 /* Assets.xcassets */ = {isa = PBXFileReference; lastKnownFileType = folder.assetcatalog; path = Assets.xcassets; sourceTree = "<group>"; };
		953400B92A2DF99E00FC73B0 /* Base */ = {isa = PBXFileReference; lastKnownFileType = file.storyboard; name = Base; path = Base.lproj/LaunchScreen.storyboard; sourceTree = "<group>"; };
		953400BB2A2DF99E00FC73B0 /* Info.plist */ = {isa = PBXFileReference; lastKnownFileType = text.plist.xml; path = Info.plist; sourceTree = "<group>"; };
		953400BC2A2DF99E00FC73B0 /* main.m */ = {isa = PBXFileReference; lastKnownFileType = sourcecode.c.objc; path = main.m; sourceTree = "<group>"; };
		953400C32A2DF9EB00FC73B0 /* ViewController.m */ = {isa = PBXFileReference; fileEncoding = 4; lastKnownFileType = sourcecode.c.objc; path = ViewController.m; sourceTree = "<group>"; };
		953400C42A2DF9EB00FC73B0 /* DMShaders.metal */ = {isa = PBXFileReference; fileEncoding = 4; lastKnownFileType = sourcecode.metal; path = DMShaders.metal; sourceTree = "<group>"; };
		953400C52A2DF9EB00FC73B0 /* DMShaderTypes.h */ = {isa = PBXFileReference; fileEncoding = 4; lastKnownFileType = sourcecode.c.h; path = DMShaderTypes.h; sourceTree = "<group>"; };
		953400C62A2DF9EB00FC73B0 /* ViewController.h */ = {isa = PBXFileReference; fileEncoding = 4; lastKnownFileType = sourcecode.c.h; path = ViewController.h; sourceTree = "<group>"; };
/* End PBXFileReference section */

/* Begin PBXFrameworksBuildPhase section */
		953400A42A2DF99C00FC73B0 /* Frameworks */ = {
			isa = PBXFrameworksBuildPhase;
			buildActionMask = 2147483647;
			files = (
			);
			runOnlyForDeploymentPostprocessing = 0;
		};
/* End PBXFrameworksBuildPhase section */

/* Begin PBXGroup section */
		9534009E2A2DF99C00FC73B0 = {
			isa = PBXGroup;
			children = (
				953400A92A2DF99C00FC73B0 /* 拐点平滑处理 */,
				953400A82A2DF99C00FC73B0 /* Products */,
			);
			sourceTree = "<group>";
		};
		953400A82A2DF99C00FC73B0 /* Products */ = {
			isa = PBXGroup;
			children = (
				953400A72A2DF99C00FC73B0 /* 拐点平滑处理.app */,
			);
			name = Products;
			sourceTree = "<group>";
		};
		953400A92A2DF99C00FC73B0 /* 拐点平滑处理 */ = {
			isa = PBXGroup;
			children = (
				953400AA2A2DF99C00FC73B0 /* AppDelegate.h */,
				953400AB2A2DF99C00FC73B0 /* AppDelegate.m */,
				953400AD2A2DF99C00FC73B0 /* SceneDelegate.h */,
				953400AE2A2DF99C00FC73B0 /* SceneDelegate.m */,
				953400C62A2DF9EB00FC73B0 /* ViewController.h */,
				953400C32A2DF9EB00FC73B0 /* ViewController.m */,
				953400C42A2DF9EB00FC73B0 /* DMShaders.metal */,
				953400C52A2DF9EB00FC73B0 /* DMShaderTypes.h */,
				953400B32A2DF99C00FC73B0 /* Main.storyboard */,
				953400B62A2DF99E00FC73B0 /* Assets.xcassets */,
				953400B82A2DF99E00FC73B0 /* LaunchScreen.storyboard */,
				953400BB2A2DF99E00FC73B0 /* Info.plist */,
				953400BC2A2DF99E00FC73B0 /* main.m */,
			);
			path = "拐点平滑处理";
			sourceTree = "<group>";
		};
/* End PBXGroup section */

/* Begin PBXNativeTarget section */
		953400A62A2DF99C00FC73B0 /* 拐点平滑处理 */ = {
			isa = PBXNativeTarget;
			buildConfigurationList = 953400C02A2DF99E00FC73B0 /* Build configuration list for PBXNativeTarget "拐点平滑处理" */;
			buildPhases = (
				953400A32A2DF99C00FC73B0 /* Sources */,
				953400A42A2DF99C00FC73B0 /* Frameworks */,
				953400A52A2DF99C00FC73B0 /* Resources */,
			);
			buildRules = (
			);
			dependencies = (
			);
			name = "拐点平滑处理";
			productName = "拐点平滑处理";
			productReference = 953400A72A2DF99C00FC73B0 /* 拐点平滑处理.app */;
			productType = "com.apple.product-type.application";
		};
/* End PBXNativeTarget section */

/* Begin PBXProject section */
		9534009F2A2DF99C00FC73B0 /* Project object */ = {
			isa = PBXProject;
			attributes = {
				BuildIndependentTargetsInParallel = 1;
				LastUpgradeCheck = 1430;
				TargetAttributes = {
					953400A62A2DF99C00FC73B0 = {
						CreatedOnToolsVersion = 14.3;
					};
				};
			};
			buildConfigurationList = 953400A22A2DF99C00FC73B0 /* Build configuration list for PBXProject "拐点平滑处理" */;
			compatibilityVersion = "Xcode 14.0";
			developmentRegion = en;
			hasScannedForEncodings = 0;
			knownRegions = (
				en,
				Base,
			);
			mainGroup = 9534009E2A2DF99C00FC73B0;
			productRefGroup = 953400A82A2DF99C00FC73B0 /* Products */;
			projectDirPath = "";
			projectRoot = "";
			targets = (
				953400A62A2DF99C00FC73B0 /* 拐点平滑处理 */,
			);
		};
/* End PBXProject section */

/* Begin PBXResourcesBuildPhase section */
		953400A52A2DF99C00FC73B0 /* Resources */ = {
			isa = PBXResourcesBuildPhase;
			buildActionMask = 2147483647;
			files = (
				953400BA2A2DF99E00FC73B0 /* LaunchScreen.storyboard in Resources */,
				953400B72A2DF99E00FC73B0 /* Assets.xcassets in Resources */,
				953400B52A2DF99C00FC73B0 /* Main.storyboard in Resources */,
			);
			runOnlyForDeploymentPostprocessing = 0;
		};
/* End PBXResourcesBuildPhase section */

/* Begin PBXSourcesBuildPhase section */
		953400A32A2DF99C00FC73B0 /* Sources */ = {
			isa = PBXSourcesBuildPhase;
			buildActionMask = 2147483647;
			files = (
				953400C82A2DF9EB00FC73B0 /* DMShaders.metal in Sources */,
				953400AC2A2DF99C00FC73B0 /* AppDelegate.m in Sources */,
				953400BD2A2DF99E00FC73B0 /* main.m in Sources */,
				953400C72A2DF9EB00FC73B0 /* ViewController.m in Sources */,
				953400AF2A2DF99C00FC73B0 /* SceneDelegate.m in Sources */,
			);
			runOnlyForDeploymentPostprocessing = 0;
		};
/* End PBXSourcesBuildPhase section */

/* Begin PBXVariantGroup section */
		953400B32A2DF99C00FC73B0 /* Main.storyboard */ = {
			isa = PBXVariantGroup;
			children = (
				953400B42A2DF99C00FC73B0 /* Base */,
			);
			name = Main.storyboard;
			sourceTree = "<group>";
		};
		953400B82A2DF99E00FC73B0 /* LaunchScreen.storyboard */ = {
			isa = PBXVariantGroup;
			children = (
				953400B92A2DF99E00FC73B0 /* Base */,
			);
			name = LaunchScreen.storyboard;
			sourceTree = "<group>";
		};
/* End PBXVariantGroup section */

/* Begin XCBuildConfiguration section */
		953400BE2A2DF99E00FC73B0 /* Debug */ = {
			isa = XCBuildConfiguration;
			buildSettings = {
				ALWAYS_SEARCH_USER_PATHS = NO;
				CLANG_ANALYZER_NONNULL = YES;
				CLANG_ANALYZER_NUMBER_OBJECT_CONVERSION = YES_AGGRESSIVE;
				CLANG_CXX_LANGUAGE_STANDARD = "gnu++20";
				CLANG_ENABLE_MODULES = YES;
				CLANG_ENABLE_OBJC_ARC = YES;
				CLANG_ENABLE_OBJC_WEAK = YES;
				CLANG_WARN_BLOCK_CAPTURE_AUTORELEASING = YES;
				CLANG_WARN_BOOL_CONVERSION = YES;
				CLANG_WARN_COMMA = YES;
				CLANG_WARN_CONSTANT_CONVERSION = YES;
				CLANG_WARN_DEPRECATED_OBJC_IMPLEMENTATIONS = YES;
				CLANG_WARN_DIRECT_OBJC_ISA_USAGE = YES_ERROR;
				CLANG_WARN_DOCUMENTATION_COMMENTS = YES;
				CLANG_WARN_EMPTY_BODY = YES;
				CLANG_WARN_ENUM_CONVERSION = YES;
				CLANG_WARN_INFINITE_RECURSION = YES;
				CLANG_WARN_INT_CONVERSION = YES;
				CLANG_WARN_NON_LITERAL_NULL_CONVERSION = YES;
				CLANG_WARN_OBJC_IMPLICIT_RETAIN_SELF = YES;
				CLANG_WARN_OBJC_LITERAL_CONVERSION = YES;
				CLANG_WARN_OBJC_ROOT_CLASS = YES_ERROR;
				CLANG_WARN_QUOTED_INCLUDE_IN_FRAMEWORK_HEADER = YES;
				CLANG_WARN_RANGE_LOOP_ANALYSIS = YES;
				CLANG_WARN_STRICT_PROTOTYPES = YES;
				CLANG_WARN_SUSPICIOUS_MOVE = YES;
				CLANG_WARN_UNGUARDED_AVAILABILITY = YES_AGGRESSIVE;
				CLANG_WARN_UNREACHABLE_CODE = YES;
				CLANG_WARN__DUPLICATE_METHOD_MATCH = YES;
				COPY_PHASE_STRIP = NO;
				DEBUG_INFORMATION_FORMAT = dwarf;
				ENABLE_STRICT_OBJC_MSGSEND = YES;
				ENABLE_TESTABILITY = YES;
				GCC_C_LANGUAGE_STANDARD = gnu11;
				GCC_DYNAMIC_NO_PIC = NO;
				GCC_NO_COMMON_BLOCKS = YES;
				GCC_OPTIMIZATION_LEVEL = 0;
				GCC_PREPROCESSOR_DEFINITIONS = (
					"DEBUG=1",
					"$(inherited)",
				);
				GCC_WARN_64_TO_32_BIT_CONVERSION = YES;
				GCC_WARN_ABOUT_RETURN_TYPE = YES_ERROR;
				GCC_WARN_UNDECLARED_SELECTOR = YES;
				GCC_WARN_UNINITIALIZED_AUTOS = YES_AGGRESSIVE;
				GCC_WARN_UNUSED_FUNCTION = YES;
				GCC_WARN_UNUSED_VARIABLE = YES;
				IPHONEOS_DEPLOYMENT_TARGET = 16.4;
				MTL_ENABLE_DEBUG_INFO = INCLUDE_SOURCE;
				MTL_FAST_MATH = YES;
				ONLY_ACTIVE_ARCH = YES;
				SDKROOT = iphoneos;
			};
			name = Debug;
		};
		953400BF2A2DF99E00FC73B0 /* Release */ = {
			isa = XCBuildConfiguration;
			buildSettings = {
				ALWAYS_SEARCH_USER_PATHS = NO;
				CLANG_ANALYZER_NONNULL = YES;
				CLANG_ANALYZER_NUMBER_OBJECT_CONVERSION = YES_AGGRESSIVE;
				CLANG_CXX_LANGUAGE_STANDARD = "gnu++20";
				CLANG_ENABLE_MODULES = YES;
				CLANG_ENABLE_OBJC_ARC = YES;
				CLANG_ENABLE_OBJC_WEAK = YES;
				CLANG_WARN_BLOCK_CAPTURE_AUTORELEASING = YES;
				CLANG_WARN_BOOL_CONVERSION = YES;
				CLANG_WARN_COMMA = YES;
				CLANG_WARN_CONSTANT_CONVERSION = YES;
				CLANG_WARN_DEPRECATED_OBJC_IMPLEMENTATIONS = YES;
				CLANG_WARN_DIRECT_OBJC_ISA_USAGE = YES_ERROR;
				CLANG_WARN_DOCUMENTATION_COMMENTS = YES;
				CLANG_WARN_EMPTY_BODY = YES;
				CLANG_WARN_ENUM_CONVERSION = YES;
				CLANG_WARN_INFINITE_RECURSION = YES;
				CLANG_WARN_INT_CONVERSION = YES;
				CLANG_WARN_NON_LITERAL_NULL_CONVERSION = YES;
				CLANG_WARN_OBJC_IMPLICIT_RETAIN_SELF = YES;
				CLANG_WARN_OBJC_LITERAL_CONVERSION = YES;
				CLANG_WARN_OBJC_ROOT_CLASS = YES_ERROR;
				CLANG_WARN_QUOTED_INCLUDE_IN_FRAMEWORK_HEADER = YES;
				CLANG_WARN_RANGE_LOOP_ANALYSIS = YES;
				CLANG_WARN_STRICT_PROTOTYPES = YES;
				CLANG_WARN_SUSPICIOUS_MOVE = YES;
				CLANG_WARN_UNGUARDED_AVAILABILITY = YES_AGGRESSIVE;
				CLANG_WARN_UNREACHABLE_CODE = YES;
				CLANG_WARN__DUPLICATE_METHOD_MATCH = YES;
				COPY_PHASE_STRIP = NO;
				DEBUG_INFORMATION_FORMAT = "dwarf-with-dsym";
				ENABLE_NS_ASSERTIONS = NO;
				ENABLE_STRICT_OBJC_MSGSEND = YES;
				GCC_C_LANGUAGE_STANDARD = gnu11;
				GCC_NO_COMMON_BLOCKS = YES;
				GCC_WARN_64_TO_32_BIT_CONVERSION = YES;
				GCC_WARN_ABOUT_RETURN_TYPE = YES_ERROR;
				GCC_WARN_UNDECLARED_SELECTOR = YES;
				GCC_WARN_UNINITIALIZED_AUTOS = YES_AGGRESSIVE;
				GCC_WARN_UNUSED_FUNCTION = YES;
				GCC_WARN_UNUSED_VARIABLE = YES;
				IPHONEOS_DEPLOYMENT_TARGET = 16.4;
				MTL_ENABLE_DEBUG_INFO = NO;
				MTL_FAST_MATH = YES;
				SDKROOT = iphoneos;
				VALIDATE_PRODUCT = YES;
			};
			name = Release;
		};
		953400C12A2DF99E00FC73B0 /* Debug */ = {
			isa = XCBuildConfiguration;
			buildSettings = {
				ASSETCATALOG_COMPILER_APPICON_NAME = AppIcon;
				ASSETCATALOG_COMPILER_GLOBAL_ACCENT_COLOR_NAME = AccentColor;
				CODE_SIGN_STYLE = Automatic;
				CURRENT_PROJECT_VERSION = 1;
				GENERATE_INFOPLIST_FILE = YES;
				INFOPLIST_FILE = "拐点平滑处理/Info.plist";
				INFOPLIST_KEY_UIApplicationSupportsIndirectInputEvents = YES;
				INFOPLIST_KEY_UILaunchStoryboardName = LaunchScreen;
				INFOPLIST_KEY_UIMainStoryboardFile = Main;
				INFOPLIST_KEY_UISupportedInterfaceOrientations_iPad = "UIInterfaceOrientationPortrait UIInterfaceOrientationPortraitUpsideDown UIInterfaceOrientationLandscapeLeft UIInterfaceOrientationLandscapeRight";
				INFOPLIST_KEY_UISupportedInterfaceOrientations_iPhone = "UIInterfaceOrientationPortrait UIInterfaceOrientationLandscapeLeft UIInterfaceOrientationLandscapeRight";
				LD_RUNPATH_SEARCH_PATHS = (
					"$(inherited)",
					"@executable_path/Frameworks",
				);
				MARKETING_VERSION = 1.0;
				PRODUCT_BUNDLE_IDENTIFIER = "com.apricityjin.------";
				PRODUCT_NAME = "$(TARGET_NAME)";
				SUPPORTED_PLATFORMS = "iphoneos iphonesimulator";
				SUPPORTS_MACCATALYST = NO;
				SUPPORTS_MAC_DESIGNED_FOR_IPHONE_IPAD = NO;
				SWIFT_EMIT_LOC_STRINGS = YES;
				TARGETED_DEVICE_FAMILY = 1;
			};
			name = Debug;
		};
		953400C22A2DF99E00FC73B0 /* Release */ = {
			isa = XCBuildConfiguration;
			buildSettings = {
				ASSETCATALOG_COMPILER_APPICON_NAME = AppIcon;
				ASSETCATALOG_COMPILER_GLOBAL_ACCENT_COLOR_NAME = AccentColor;
				CODE_SIGN_STYLE = Automatic;
				CURRENT_PROJECT_VERSION = 1;
				GENERATE_INFOPLIST_FILE = YES;
				INFOPLIST_FILE = "拐点平滑处理/Info.plist";
				INFOPLIST_KEY_UIApplicationSupportsIndirectInputEvents = YES;
				INFOPLIST_KEY_UILaunchStoryboardName = LaunchScreen;
				INFOPLIST_KEY_UIMainStoryboardFile = Main;
				INFOPLIST_KEY_UISupportedInterfaceOrientations_iPad = "UIInterfaceOrientationPortrait UIInterfaceOrientationPortraitUpsideDown UIInterfaceOrientationLandscapeLeft UIInterfaceOrientationLandscapeRight";
				INFOPLIST_KEY_UISupportedInterfaceOrientations_iPhone = "UIInterfaceOrientationPortrait UIInterfaceOrientationLandscapeLeft UIInterfaceOrientationLandscapeRight";
				LD_RUNPATH_SEARCH_PATHS = (
					"$(inherited)",
					"@executable_path/Frameworks",
				);
				MARKETING_VERSION = 1.0;
				PRODUCT_BUNDLE_IDENTIFIER = "com.apricityjin.------";
				PRODUCT_NAME = "$(TARGET_NAME)";
				SUPPORTED_PLATFORMS = "iphoneos iphonesimulator";
				SUPPORTS_MACCATALYST = NO;
				SUPPORTS_MAC_DESIGNED_FOR_IPHONE_IPAD = NO;
				SWIFT_EMIT_LOC_STRINGS = YES;
				TARGETED_DEVICE_FAMILY = 1;
			};
			name = Release;
		};
/* End XCBuildConfiguration section */

/* Begin XCConfigurationList section */
		953400A22A2DF99C00FC73B0 /* Build configuration list for PBXProject "拐点平滑处理" */ = {
			isa = XCConfigurationList;
			buildConfigurations = (
				953400BE2A2DF99E00FC73B0 /* Debug */,
				953400BF2A2DF99E00FC73B0 /* Release */,
			);
			defaultConfigurationIsVisible = 0;
			defaultConfigurationName = Release;
		};
		953400C02A2DF99E00FC73B0 /* Build configuration list for PBXNativeTarget "拐点平滑处理" */ = {
			isa = XCConfigurationList;
			buildConfigurations = (
				953400C12A2DF99E00FC73B0 /* Debug */,
				953400C22A2DF99E00FC73B0 /* Release */,
			);
			defaultConfigurationIsVisible = 0;
			defaultConfigurationName = Release;
		};
/* End XCConfigurationList section */
	};
	rootObject = 9534009F2A2DF99C00FC73B0 /* Project object */;
}
